// !$*UTF8*$!
{
	archiveVersion = 1;
	classes = {
	};
	objectVersion = 52;
	objects = {

/* Begin PBXBuildFile section */
		6A4C85C1257129CB00F2D867 /* AppDelegate.swift in Sources */ = {isa = PBXBuildFile; fileRef = 6A4C85C0257129CB00F2D867 /* AppDelegate.swift */; };
		6A4C85C3257129CC00F2D867 /* SceneDelegate.swift in Sources */ = {isa = PBXBuildFile; fileRef = 6A4C85C2257129CC00F2D867 /* SceneDelegate.swift */; };
		6A4C85C5257129CC00F2D867 /* MainViewController.swift in Sources */ = {isa = PBXBuildFile; fileRef = 6A4C85C4257129CC00F2D867 /* MainViewController.swift */; };
		6A4C85C8257129CC00F2D867 /* Main.storyboard in Resources */ = {isa = PBXBuildFile; fileRef = 6A4C85C6257129CC00F2D867 /* Main.storyboard */; };
		6A4C85CA257129D400F2D867 /* Assets.xcassets in Resources */ = {isa = PBXBuildFile; fileRef = 6A4C85C9257129D400F2D867 /* Assets.xcassets */; };
		6A4C85CD257129D400F2D867 /* LaunchScreen.storyboard in Resources */ = {isa = PBXBuildFile; fileRef = 6A4C85CB257129D400F2D867 /* LaunchScreen.storyboard */; };
		6A4C85E62571434B00F2D867 /* Characters.swift in Sources */ = {isa = PBXBuildFile; fileRef = 6A4C85E52571434B00F2D867 /* Characters.swift */; };
		6A4C85EC2571436800F2D867 /* Model.swift in Sources */ = {isa = PBXBuildFile; fileRef = 6A4C85EB2571436800F2D867 /* Model.swift */; };
		6A4C85F22571446400F2D867 /* DataList.swift in Sources */ = {isa = PBXBuildFile; fileRef = 6A4C85F12571446400F2D867 /* DataList.swift */; };
		6A4C85F825714B7100F2D867 /* Results.swift in Sources */ = {isa = PBXBuildFile; fileRef = 6A4C85F725714B7100F2D867 /* Results.swift */; };
		6A4C85FE257162AA00F2D867 /* Thumbnail.swift in Sources */ = {isa = PBXBuildFile; fileRef = 6A4C85FD257162AA00F2D867 /* Thumbnail.swift */; };
		6A4C86042571642700F2D867 /* Comics.swift in Sources */ = {isa = PBXBuildFile; fileRef = 6A4C86032571642700F2D867 /* Comics.swift */; };
		6A4C860A2571652200F2D867 /* Items.swift in Sources */ = {isa = PBXBuildFile; fileRef = 6A4C86092571652200F2D867 /* Items.swift */; };
		6A4C861C2571682700F2D867 /* HttpGetProtocol.swift in Sources */ = {isa = PBXBuildFile; fileRef = 6A4C861B2571682700F2D867 /* HttpGetProtocol.swift */; };
		6A4C86232571684A00F2D867 /* HttpService.swift in Sources */ = {isa = PBXBuildFile; fileRef = 6A4C86222571684A00F2D867 /* HttpService.swift */; };
		6A4C862A257168F200F2D867 /* Alamofire in Frameworks */ = {isa = PBXBuildFile; productRef = 6A4C8629257168F200F2D867 /* Alamofire */; };
		6A4C86342571698F00F2D867 /* HttpError.swift in Sources */ = {isa = PBXBuildFile; fileRef = 6A4C86332571698F00F2D867 /* HttpError.swift */; };
		6A4C864325716ACD00F2D867 /* RxSwift in Frameworks */ = {isa = PBXBuildFile; productRef = 6A4C864225716ACD00F2D867 /* RxSwift */; };
		6A4C864525716ACD00F2D867 /* RxCocoa in Frameworks */ = {isa = PBXBuildFile; productRef = 6A4C864425716ACD00F2D867 /* RxCocoa */; };
		6A4C864F25716B5900F2D867 /* MainViewModel.swift in Sources */ = {isa = PBXBuildFile; fileRef = 6A4C864E25716B5900F2D867 /* MainViewModel.swift */; };
		6A4C8665257170D400F2D867 /* Http.framework in Frameworks */ = {isa = PBXBuildFile; fileRef = 6A4C85AF257129AB00F2D867 /* Http.framework */; };
		6A4C8666257170D400F2D867 /* Http.framework in Embed Frameworks */ = {isa = PBXBuildFile; fileRef = 6A4C85AF257129AB00F2D867 /* Http.framework */; settings = {ATTRIBUTES = (CodeSignOnCopy, RemoveHeadersOnCopy, ); }; };
		6A4C8669257170D400F2D867 /* Model.framework in Frameworks */ = {isa = PBXBuildFile; fileRef = 6A4C85922571298000F2D867 /* Model.framework */; };
		6A4C866A257170D400F2D867 /* Model.framework in Embed Frameworks */ = {isa = PBXBuildFile; fileRef = 6A4C85922571298000F2D867 /* Model.framework */; settings = {ATTRIBUTES = (CodeSignOnCopy, RemoveHeadersOnCopy, ); }; };
		6A4C866D257170D400F2D867 /* ViewModel.framework in Frameworks */ = {isa = PBXBuildFile; fileRef = 6A4C85A02571298E00F2D867 /* ViewModel.framework */; };
		6A4C866E257170D400F2D867 /* ViewModel.framework in Embed Frameworks */ = {isa = PBXBuildFile; fileRef = 6A4C85A02571298E00F2D867 /* ViewModel.framework */; settings = {ATTRIBUTES = (CodeSignOnCopy, RemoveHeadersOnCopy, ); }; };
		6A4C867D257179CC00F2D867 /* Http.framework in Frameworks */ = {isa = PBXBuildFile; fileRef = 6A4C85AF257129AB00F2D867 /* Http.framework */; };
		6A4C867E257179CC00F2D867 /* Http.framework in Embed Frameworks */ = {isa = PBXBuildFile; fileRef = 6A4C85AF257129AB00F2D867 /* Http.framework */; settings = {ATTRIBUTES = (CodeSignOnCopy, RemoveHeadersOnCopy, ); }; };
		6A4C8680257179CD00F2D867 /* Model.framework in Frameworks */ = {isa = PBXBuildFile; fileRef = 6A4C85922571298000F2D867 /* Model.framework */; };
		6A4C8681257179CE00F2D867 /* Model.framework in Embed Frameworks */ = {isa = PBXBuildFile; fileRef = 6A4C85922571298000F2D867 /* Model.framework */; settings = {ATTRIBUTES = (CodeSignOnCopy, RemoveHeadersOnCopy, ); }; };
		6A4C86A62571A54D00F2D867 /* Kingfisher in Frameworks */ = {isa = PBXBuildFile; productRef = 6A4C86A52571A54D00F2D867 /* Kingfisher */; };
		6A4C86AD2571FE1900F2D867 /* CharacterCell.swift in Sources */ = {isa = PBXBuildFile; fileRef = 6A4C86AC2571FE1900F2D867 /* CharacterCell.swift */; };
		6AB48F0C2577E73F00836679 /* Detail.storyboard in Resources */ = {isa = PBXBuildFile; fileRef = 6AB48F0B2577E73F00836679 /* Detail.storyboard */; };
		6AB48F102577E75200836679 /* DetailViewController.swift in Sources */ = {isa = PBXBuildFile; fileRef = 6AB48F0F2577E75200836679 /* DetailViewController.swift */; };
		6AB48F192577F31B00836679 /* DetailViewModel.swift in Sources */ = {isa = PBXBuildFile; fileRef = 6AB48F182577F31B00836679 /* DetailViewModel.swift */; };
		6AB48F3425781BAD00836679 /* Character.swift in Sources */ = {isa = PBXBuildFile; fileRef = 6AB48F3325781BAD00836679 /* Character.swift */; };
		6AB48F5E25784FCF00836679 /* CharacterCollectionCell.swift in Sources */ = {isa = PBXBuildFile; fileRef = 6AB48F5D25784FCF00836679 /* CharacterCollectionCell.swift */; };
/* End PBXBuildFile section */

/* Begin PBXContainerItemProxy section */
		6A4C865B257170C000F2D867 /* PBXContainerItemProxy */ = {
			isa = PBXContainerItemProxy;
			containerPortal = 6A4C8577257126E600F2D867 /* Project object */;
			proxyType = 1;
			remoteGlobalIDString = 6A4C85AE257129AB00F2D867;
			remoteInfo = Http;
		};
		6A4C865F257170C000F2D867 /* PBXContainerItemProxy */ = {
			isa = PBXContainerItemProxy;
			containerPortal = 6A4C8577257126E600F2D867 /* Project object */;
			proxyType = 1;
			remoteGlobalIDString = 6A4C85912571298000F2D867;
			remoteInfo = Model;
		};
		6A4C8667257170D400F2D867 /* PBXContainerItemProxy */ = {
			isa = PBXContainerItemProxy;
			containerPortal = 6A4C8577257126E600F2D867 /* Project object */;
			proxyType = 1;
			remoteGlobalIDString = 6A4C85AE257129AB00F2D867;
			remoteInfo = Http;
		};
		6A4C866B257170D400F2D867 /* PBXContainerItemProxy */ = {
			isa = PBXContainerItemProxy;
			containerPortal = 6A4C8577257126E600F2D867 /* Project object */;
			proxyType = 1;
			remoteGlobalIDString = 6A4C85912571298000F2D867;
			remoteInfo = Model;
		};
		6A4C866F257170D400F2D867 /* PBXContainerItemProxy */ = {
			isa = PBXContainerItemProxy;
			containerPortal = 6A4C8577257126E600F2D867 /* Project object */;
			proxyType = 1;
			remoteGlobalIDString = 6A4C859F2571298E00F2D867;
			remoteInfo = ViewModel;
		};
/* End PBXContainerItemProxy section */

/* Begin PBXCopyFilesBuildPhase section */
		6A4C8671257170D400F2D867 /* Embed Frameworks */ = {
			isa = PBXCopyFilesBuildPhase;
			buildActionMask = 2147483647;
			dstPath = "";
			dstSubfolderSpec = 10;
			files = (
				6A4C866A257170D400F2D867 /* Model.framework in Embed Frameworks */,
				6A4C8666257170D400F2D867 /* Http.framework in Embed Frameworks */,
				6A4C866E257170D400F2D867 /* ViewModel.framework in Embed Frameworks */,
			);
			name = "Embed Frameworks";
			runOnlyForDeploymentPostprocessing = 0;
		};
		6A4C867F257179CC00F2D867 /* Embed Frameworks */ = {
			isa = PBXCopyFilesBuildPhase;
			buildActionMask = 2147483647;
			dstPath = "";
			dstSubfolderSpec = 10;
			files = (
				6A4C8681257179CE00F2D867 /* Model.framework in Embed Frameworks */,
				6A4C867E257179CC00F2D867 /* Http.framework in Embed Frameworks */,
			);
			name = "Embed Frameworks";
			runOnlyForDeploymentPostprocessing = 0;
		};
/* End PBXCopyFilesBuildPhase section */

/* Begin PBXFileReference section */
		6A4C85922571298000F2D867 /* Model.framework */ = {isa = PBXFileReference; explicitFileType = wrapper.framework; includeInIndex = 0; path = Model.framework; sourceTree = BUILT_PRODUCTS_DIR; };
		6A4C85952571298000F2D867 /* Info.plist */ = {isa = PBXFileReference; lastKnownFileType = text.plist.xml; path = Info.plist; sourceTree = "<group>"; };
		6A4C85A02571298E00F2D867 /* ViewModel.framework */ = {isa = PBXFileReference; explicitFileType = wrapper.framework; includeInIndex = 0; path = ViewModel.framework; sourceTree = BUILT_PRODUCTS_DIR; };
		6A4C85A32571298E00F2D867 /* Info.plist */ = {isa = PBXFileReference; lastKnownFileType = text.plist.xml; path = Info.plist; sourceTree = "<group>"; };
		6A4C85AF257129AB00F2D867 /* Http.framework */ = {isa = PBXFileReference; explicitFileType = wrapper.framework; includeInIndex = 0; path = Http.framework; sourceTree = BUILT_PRODUCTS_DIR; };
		6A4C85B2257129AB00F2D867 /* Info.plist */ = {isa = PBXFileReference; lastKnownFileType = text.plist.xml; path = Info.plist; sourceTree = "<group>"; };
		6A4C85BE257129CB00F2D867 /* View.app */ = {isa = PBXFileReference; explicitFileType = wrapper.application; includeInIndex = 0; path = View.app; sourceTree = BUILT_PRODUCTS_DIR; };
		6A4C85C0257129CB00F2D867 /* AppDelegate.swift */ = {isa = PBXFileReference; lastKnownFileType = sourcecode.swift; path = AppDelegate.swift; sourceTree = "<group>"; };
		6A4C85C2257129CC00F2D867 /* SceneDelegate.swift */ = {isa = PBXFileReference; lastKnownFileType = sourcecode.swift; path = SceneDelegate.swift; sourceTree = "<group>"; };
		6A4C85C4257129CC00F2D867 /* MainViewController.swift */ = {isa = PBXFileReference; lastKnownFileType = sourcecode.swift; path = MainViewController.swift; sourceTree = "<group>"; };
		6A4C85C7257129CC00F2D867 /* Base */ = {isa = PBXFileReference; lastKnownFileType = file.storyboard; name = Base; path = Base.lproj/Main.storyboard; sourceTree = "<group>"; };
		6A4C85C9257129D400F2D867 /* Assets.xcassets */ = {isa = PBXFileReference; lastKnownFileType = folder.assetcatalog; path = Assets.xcassets; sourceTree = "<group>"; };
		6A4C85CC257129D400F2D867 /* Base */ = {isa = PBXFileReference; lastKnownFileType = file.storyboard; name = Base; path = Base.lproj/LaunchScreen.storyboard; sourceTree = "<group>"; };
		6A4C85CE257129D400F2D867 /* Info.plist */ = {isa = PBXFileReference; lastKnownFileType = text.plist.xml; path = Info.plist; sourceTree = "<group>"; };
		6A4C85E52571434B00F2D867 /* Characters.swift */ = {isa = PBXFileReference; lastKnownFileType = sourcecode.swift; path = Characters.swift; sourceTree = "<group>"; };
		6A4C85EB2571436800F2D867 /* Model.swift */ = {isa = PBXFileReference; lastKnownFileType = sourcecode.swift; path = Model.swift; sourceTree = "<group>"; };
		6A4C85F12571446400F2D867 /* DataList.swift */ = {isa = PBXFileReference; lastKnownFileType = sourcecode.swift; path = DataList.swift; sourceTree = "<group>"; };
		6A4C85F725714B7100F2D867 /* Results.swift */ = {isa = PBXFileReference; lastKnownFileType = sourcecode.swift; path = Results.swift; sourceTree = "<group>"; };
		6A4C85FD257162AA00F2D867 /* Thumbnail.swift */ = {isa = PBXFileReference; lastKnownFileType = sourcecode.swift; path = Thumbnail.swift; sourceTree = "<group>"; };
		6A4C86032571642700F2D867 /* Comics.swift */ = {isa = PBXFileReference; lastKnownFileType = sourcecode.swift; path = Comics.swift; sourceTree = "<group>"; };
		6A4C86092571652200F2D867 /* Items.swift */ = {isa = PBXFileReference; lastKnownFileType = sourcecode.swift; path = Items.swift; sourceTree = "<group>"; };
		6A4C861B2571682700F2D867 /* HttpGetProtocol.swift */ = {isa = PBXFileReference; lastKnownFileType = sourcecode.swift; path = HttpGetProtocol.swift; sourceTree = "<group>"; };
		6A4C86222571684A00F2D867 /* HttpService.swift */ = {isa = PBXFileReference; lastKnownFileType = sourcecode.swift; path = HttpService.swift; sourceTree = "<group>"; };
		6A4C86332571698F00F2D867 /* HttpError.swift */ = {isa = PBXFileReference; lastKnownFileType = sourcecode.swift; path = HttpError.swift; sourceTree = "<group>"; };
		6A4C864E25716B5900F2D867 /* MainViewModel.swift */ = {isa = PBXFileReference; lastKnownFileType = sourcecode.swift; path = MainViewModel.swift; sourceTree = "<group>"; };
		6A4C86AC2571FE1900F2D867 /* CharacterCell.swift */ = {isa = PBXFileReference; lastKnownFileType = sourcecode.swift; path = CharacterCell.swift; sourceTree = "<group>"; };
		6AB48F0B2577E73F00836679 /* Detail.storyboard */ = {isa = PBXFileReference; lastKnownFileType = file.storyboard; path = Detail.storyboard; sourceTree = "<group>"; };
		6AB48F0F2577E75200836679 /* DetailViewController.swift */ = {isa = PBXFileReference; lastKnownFileType = sourcecode.swift; path = DetailViewController.swift; sourceTree = "<group>"; };
		6AB48F182577F31B00836679 /* DetailViewModel.swift */ = {isa = PBXFileReference; lastKnownFileType = sourcecode.swift; path = DetailViewModel.swift; sourceTree = "<group>"; };
		6AB48F3325781BAD00836679 /* Character.swift */ = {isa = PBXFileReference; lastKnownFileType = sourcecode.swift; path = Character.swift; sourceTree = "<group>"; };
		6AB48F5D25784FCF00836679 /* CharacterCollectionCell.swift */ = {isa = PBXFileReference; lastKnownFileType = sourcecode.swift; path = CharacterCollectionCell.swift; sourceTree = "<group>"; };
/* End PBXFileReference section */

/* Begin PBXFrameworksBuildPhase section */
		6A4C858F2571298000F2D867 /* Frameworks */ = {
			isa = PBXFrameworksBuildPhase;
			buildActionMask = 2147483647;
			files = (
			);
			runOnlyForDeploymentPostprocessing = 0;
		};
		6A4C859D2571298E00F2D867 /* Frameworks */ = {
			isa = PBXFrameworksBuildPhase;
			buildActionMask = 2147483647;
			files = (
				6A4C8680257179CD00F2D867 /* Model.framework in Frameworks */,
				6A4C864525716ACD00F2D867 /* RxCocoa in Frameworks */,
				6A4C867D257179CC00F2D867 /* Http.framework in Frameworks */,
				6A4C864325716ACD00F2D867 /* RxSwift in Frameworks */,
			);
			runOnlyForDeploymentPostprocessing = 0;
		};
		6A4C85AC257129AB00F2D867 /* Frameworks */ = {
			isa = PBXFrameworksBuildPhase;
			buildActionMask = 2147483647;
			files = (
				6A4C862A257168F200F2D867 /* Alamofire in Frameworks */,
			);
			runOnlyForDeploymentPostprocessing = 0;
		};
		6A4C85BB257129CB00F2D867 /* Frameworks */ = {
			isa = PBXFrameworksBuildPhase;
			buildActionMask = 2147483647;
			files = (
				6A4C86A62571A54D00F2D867 /* Kingfisher in Frameworks */,
				6A4C8669257170D400F2D867 /* Model.framework in Frameworks */,
				6A4C8665257170D400F2D867 /* Http.framework in Frameworks */,
				6A4C866D257170D400F2D867 /* ViewModel.framework in Frameworks */,
			);
			runOnlyForDeploymentPostprocessing = 0;
		};
/* End PBXFrameworksBuildPhase section */

/* Begin PBXGroup section */
		6A4C8576257126E600F2D867 = {
			isa = PBXGroup;
			children = (
				6A4C85932571298000F2D867 /* Model */,
				6A4C85A12571298E00F2D867 /* ViewModel */,
				6A4C85B0257129AB00F2D867 /* Http */,
				6A4C85BF257129CB00F2D867 /* View */,
				6A4C8581257126E700F2D867 /* Products */,
				6A4C8658257170C000F2D867 /* Frameworks */,
			);
			sourceTree = "<group>";
		};
		6A4C8581257126E700F2D867 /* Products */ = {
			isa = PBXGroup;
			children = (
				6A4C85922571298000F2D867 /* Model.framework */,
				6A4C85A02571298E00F2D867 /* ViewModel.framework */,
				6A4C85AF257129AB00F2D867 /* Http.framework */,
				6A4C85BE257129CB00F2D867 /* View.app */,
			);
			name = Products;
			sourceTree = "<group>";
		};
		6A4C85932571298000F2D867 /* Model */ = {
			isa = PBXGroup;
			children = (
				6AB48F132577F29900836679 /* Main */,
				6AB48F3225781B8600836679 /* Detail */,
				6A4C85952571298000F2D867 /* Info.plist */,
			);
			path = Model;
			sourceTree = "<group>";
		};
		6A4C85A12571298E00F2D867 /* ViewModel */ = {
			isa = PBXGroup;
			children = (
				6AB48F142577F2AA00836679 /* Main */,
				6AB48F172577F30700836679 /* Detail */,
				6A4C85A32571298E00F2D867 /* Info.plist */,
			);
			path = ViewModel;
			sourceTree = "<group>";
		};
		6A4C85B0257129AB00F2D867 /* Http */ = {
			isa = PBXGroup;
			children = (
				6A4C86212571683400F2D867 /* Protocol */,
				6A4C86222571684A00F2D867 /* HttpService.swift */,
				6A4C86332571698F00F2D867 /* HttpError.swift */,
				6A4C85B2257129AB00F2D867 /* Info.plist */,
			);
			path = Http;
			sourceTree = "<group>";
		};
		6A4C85BF257129CB00F2D867 /* View */ = {
			isa = PBXGroup;
			children = (
				6A4C86AB2571FD9C00F2D867 /* Cells */,
				6A4C85E425712A6D00F2D867 /* Supporting Files */,
				6A4C85E325712A6200F2D867 /* Controllers */,
				6A4C85E225712A5000F2D867 /* Storyboards */,
				6A4C85C9257129D400F2D867 /* Assets.xcassets */,
				6A4C85CE257129D400F2D867 /* Info.plist */,
			);
			path = View;
			sourceTree = "<group>";
		};
		6A4C85E225712A5000F2D867 /* Storyboards */ = {
			isa = PBXGroup;
			children = (
				6AB48F152577F2BD00836679 /* Main */,
				6AB48F162577F2CC00836679 /* Detail */,
			);
			path = Storyboards;
			sourceTree = "<group>";
		};
		6A4C85E325712A6200F2D867 /* Controllers */ = {
			isa = PBXGroup;
			children = (
				6A4C85C4257129CC00F2D867 /* MainViewController.swift */,
				6AB48F0F2577E75200836679 /* DetailViewController.swift */,
			);
			path = Controllers;
			sourceTree = "<group>";
		};
		6A4C85E425712A6D00F2D867 /* Supporting Files */ = {
			isa = PBXGroup;
			children = (
				6A4C85C0257129CB00F2D867 /* AppDelegate.swift */,
				6A4C85C2257129CC00F2D867 /* SceneDelegate.swift */,
			);
			path = "Supporting Files";
			sourceTree = "<group>";
		};
		6A4C86212571683400F2D867 /* Protocol */ = {
			isa = PBXGroup;
			children = (
				6A4C861B2571682700F2D867 /* HttpGetProtocol.swift */,
			);
			path = Protocol;
			sourceTree = "<group>";
		};
		6A4C8658257170C000F2D867 /* Frameworks */ = {
			isa = PBXGroup;
			children = (
			);
			name = Frameworks;
			sourceTree = "<group>";
		};
		6A4C86AB2571FD9C00F2D867 /* Cells */ = {
			isa = PBXGroup;
			children = (
				6A4C86AC2571FE1900F2D867 /* CharacterCell.swift */,
				6AB48F5D25784FCF00836679 /* CharacterCollectionCell.swift */,
			);
			path = Cells;
			sourceTree = "<group>";
		};
		6AB48F132577F29900836679 /* Main */ = {
			isa = PBXGroup;
			children = (
				6A4C85E52571434B00F2D867 /* Characters.swift */,
				6A4C85EB2571436800F2D867 /* Model.swift */,
				6A4C85F12571446400F2D867 /* DataList.swift */,
				6A4C85F725714B7100F2D867 /* Results.swift */,
				6A4C85FD257162AA00F2D867 /* Thumbnail.swift */,
				6A4C86032571642700F2D867 /* Comics.swift */,
				6A4C86092571652200F2D867 /* Items.swift */,
			);
			path = Main;
			sourceTree = "<group>";
		};
		6AB48F142577F2AA00836679 /* Main */ = {
			isa = PBXGroup;
			children = (
				6A4C864E25716B5900F2D867 /* MainViewModel.swift */,
			);
			path = Main;
			sourceTree = "<group>";
		};
		6AB48F152577F2BD00836679 /* Main */ = {
			isa = PBXGroup;
			children = (
				6A4C85C6257129CC00F2D867 /* Main.storyboard */,
				6A4C85CB257129D400F2D867 /* LaunchScreen.storyboard */,
			);
			path = Main;
			sourceTree = "<group>";
		};
		6AB48F162577F2CC00836679 /* Detail */ = {
			isa = PBXGroup;
			children = (
				6AB48F0B2577E73F00836679 /* Detail.storyboard */,
			);
			path = Detail;
			sourceTree = "<group>";
		};
		6AB48F172577F30700836679 /* Detail */ = {
			isa = PBXGroup;
			children = (
				6AB48F182577F31B00836679 /* DetailViewModel.swift */,
			);
			path = Detail;
			sourceTree = "<group>";
		};
		6AB48F3225781B8600836679 /* Detail */ = {
			isa = PBXGroup;
			children = (
				6AB48F3325781BAD00836679 /* Character.swift */,
			);
			path = Detail;
			sourceTree = "<group>";
		};
/* End PBXGroup section */

/* Begin PBXHeadersBuildPhase section */
		6A4C858D2571298000F2D867 /* Headers */ = {
			isa = PBXHeadersBuildPhase;
			buildActionMask = 2147483647;
			files = (
			);
			runOnlyForDeploymentPostprocessing = 0;
		};
		6A4C859B2571298E00F2D867 /* Headers */ = {
			isa = PBXHeadersBuildPhase;
			buildActionMask = 2147483647;
			files = (
			);
			runOnlyForDeploymentPostprocessing = 0;
		};
		6A4C85AA257129AB00F2D867 /* Headers */ = {
			isa = PBXHeadersBuildPhase;
			buildActionMask = 2147483647;
			files = (
			);
			runOnlyForDeploymentPostprocessing = 0;
		};
/* End PBXHeadersBuildPhase section */

/* Begin PBXNativeTarget section */
		6A4C85912571298000F2D867 /* Model */ = {
			isa = PBXNativeTarget;
			buildConfigurationList = 6A4C85972571298000F2D867 /* Build configuration list for PBXNativeTarget "Model" */;
			buildPhases = (
				6A4C858D2571298000F2D867 /* Headers */,
				6A4C858E2571298000F2D867 /* Sources */,
				6A4C858F2571298000F2D867 /* Frameworks */,
				6A4C85902571298000F2D867 /* Resources */,
			);
			buildRules = (
			);
			dependencies = (
			);
			name = Model;
			productName = Model;
			productReference = 6A4C85922571298000F2D867 /* Model.framework */;
			productType = "com.apple.product-type.framework";
		};
		6A4C859F2571298E00F2D867 /* ViewModel */ = {
			isa = PBXNativeTarget;
			buildConfigurationList = 6A4C85A52571298E00F2D867 /* Build configuration list for PBXNativeTarget "ViewModel" */;
			buildPhases = (
				6A4C859B2571298E00F2D867 /* Headers */,
				6A4C859C2571298E00F2D867 /* Sources */,
				6A4C859D2571298E00F2D867 /* Frameworks */,
				6A4C859E2571298E00F2D867 /* Resources */,
				6A4C867F257179CC00F2D867 /* Embed Frameworks */,
			);
			buildRules = (
			);
			dependencies = (
				6A4C865C257170C000F2D867 /* PBXTargetDependency */,
				6A4C8660257170C000F2D867 /* PBXTargetDependency */,
			);
			name = ViewModel;
			packageProductDependencies = (
				6A4C864225716ACD00F2D867 /* RxSwift */,
				6A4C864425716ACD00F2D867 /* RxCocoa */,
			);
			productName = ViewModel;
			productReference = 6A4C85A02571298E00F2D867 /* ViewModel.framework */;
			productType = "com.apple.product-type.framework";
		};
		6A4C85AE257129AB00F2D867 /* Http */ = {
			isa = PBXNativeTarget;
			buildConfigurationList = 6A4C85B4257129AB00F2D867 /* Build configuration list for PBXNativeTarget "Http" */;
			buildPhases = (
				6A4C85AA257129AB00F2D867 /* Headers */,
				6A4C85AB257129AB00F2D867 /* Sources */,
				6A4C85AC257129AB00F2D867 /* Frameworks */,
				6A4C85AD257129AB00F2D867 /* Resources */,
			);
			buildRules = (
			);
			dependencies = (
			);
			name = Http;
			packageProductDependencies = (
				6A4C8629257168F200F2D867 /* Alamofire */,
			);
			productName = Http;
			productReference = 6A4C85AF257129AB00F2D867 /* Http.framework */;
			productType = "com.apple.product-type.framework";
		};
		6A4C85BD257129CB00F2D867 /* View */ = {
			isa = PBXNativeTarget;
			buildConfigurationList = 6A4C85CF257129D400F2D867 /* Build configuration list for PBXNativeTarget "View" */;
			buildPhases = (
				6A4C85BA257129CB00F2D867 /* Sources */,
				6A4C85BB257129CB00F2D867 /* Frameworks */,
				6A4C85BC257129CB00F2D867 /* Resources */,
				6A4C8671257170D400F2D867 /* Embed Frameworks */,
			);
			buildRules = (
			);
			dependencies = (
				6A4C8668257170D400F2D867 /* PBXTargetDependency */,
				6A4C866C257170D400F2D867 /* PBXTargetDependency */,
				6A4C8670257170D400F2D867 /* PBXTargetDependency */,
			);
			name = View;
			packageProductDependencies = (
				6A4C86A52571A54D00F2D867 /* Kingfisher */,
			);
			productName = View;
			productReference = 6A4C85BE257129CB00F2D867 /* View.app */;
			productType = "com.apple.product-type.application";
		};
/* End PBXNativeTarget section */

/* Begin PBXProject section */
		6A4C8577257126E600F2D867 /* Project object */ = {
			isa = PBXProject;
			attributes = {
				LastSwiftUpdateCheck = 1220;
				LastUpgradeCheck = 1220;
				TargetAttributes = {
					6A4C85912571298000F2D867 = {
						CreatedOnToolsVersion = 12.2;
						LastSwiftMigration = 1220;
					};
					6A4C859F2571298E00F2D867 = {
						CreatedOnToolsVersion = 12.2;
						LastSwiftMigration = 1220;
					};
					6A4C85AE257129AB00F2D867 = {
						CreatedOnToolsVersion = 12.2;
						LastSwiftMigration = 1220;
					};
					6A4C85BD257129CB00F2D867 = {
						CreatedOnToolsVersion = 12.2;
					};
				};
			};
			buildConfigurationList = 6A4C857A257126E600F2D867 /* Build configuration list for PBXProject "MarvelHeroes" */;
			compatibilityVersion = "Xcode 9.3";
			developmentRegion = en;
			hasScannedForEncodings = 0;
			knownRegions = (
				en,
				Base,
			);
			mainGroup = 6A4C8576257126E600F2D867;
			packageReferences = (
				6A4C8628257168F200F2D867 /* XCRemoteSwiftPackageReference "Alamofire" */,
				6A4C864125716ACD00F2D867 /* XCRemoteSwiftPackageReference "RxSwift" */,
				6A4C86A42571A54D00F2D867 /* XCRemoteSwiftPackageReference "Kingfisher" */,
			);
			productRefGroup = 6A4C8581257126E700F2D867 /* Products */;
			projectDirPath = "";
			projectRoot = "";
			targets = (
				6A4C85912571298000F2D867 /* Model */,
				6A4C859F2571298E00F2D867 /* ViewModel */,
				6A4C85AE257129AB00F2D867 /* Http */,
				6A4C85BD257129CB00F2D867 /* View */,
			);
		};
/* End PBXProject section */

/* Begin PBXResourcesBuildPhase section */
		6A4C85902571298000F2D867 /* Resources */ = {
			isa = PBXResourcesBuildPhase;
			buildActionMask = 2147483647;
			files = (
			);
			runOnlyForDeploymentPostprocessing = 0;
		};
		6A4C859E2571298E00F2D867 /* Resources */ = {
			isa = PBXResourcesBuildPhase;
			buildActionMask = 2147483647;
			files = (
			);
			runOnlyForDeploymentPostprocessing = 0;
		};
		6A4C85AD257129AB00F2D867 /* Resources */ = {
			isa = PBXResourcesBuildPhase;
			buildActionMask = 2147483647;
			files = (
			);
			runOnlyForDeploymentPostprocessing = 0;
		};
		6A4C85BC257129CB00F2D867 /* Resources */ = {
			isa = PBXResourcesBuildPhase;
			buildActionMask = 2147483647;
			files = (
				6A4C85CD257129D400F2D867 /* LaunchScreen.storyboard in Resources */,
				6A4C85CA257129D400F2D867 /* Assets.xcassets in Resources */,
				6A4C85C8257129CC00F2D867 /* Main.storyboard in Resources */,
				6AB48F0C2577E73F00836679 /* Detail.storyboard in Resources */,
			);
			runOnlyForDeploymentPostprocessing = 0;
		};
/* End PBXResourcesBuildPhase section */

/* Begin PBXSourcesBuildPhase section */
		6A4C858E2571298000F2D867 /* Sources */ = {
			isa = PBXSourcesBuildPhase;
			buildActionMask = 2147483647;
			files = (
				6A4C85E62571434B00F2D867 /* Characters.swift in Sources */,
				6A4C85F22571446400F2D867 /* DataList.swift in Sources */,
				6A4C85F825714B7100F2D867 /* Results.swift in Sources */,
				6A4C85FE257162AA00F2D867 /* Thumbnail.swift in Sources */,
				6A4C860A2571652200F2D867 /* Items.swift in Sources */,
				6A4C85EC2571436800F2D867 /* Model.swift in Sources */,
				6A4C86042571642700F2D867 /* Comics.swift in Sources */,
				6AB48F3425781BAD00836679 /* Character.swift in Sources */,
			);
			runOnlyForDeploymentPostprocessing = 0;
		};
		6A4C859C2571298E00F2D867 /* Sources */ = {
			isa = PBXSourcesBuildPhase;
			buildActionMask = 2147483647;
			files = (
				6A4C864F25716B5900F2D867 /* MainViewModel.swift in Sources */,
				6AB48F192577F31B00836679 /* DetailViewModel.swift in Sources */,
			);
			runOnlyForDeploymentPostprocessing = 0;
		};
		6A4C85AB257129AB00F2D867 /* Sources */ = {
			isa = PBXSourcesBuildPhase;
			buildActionMask = 2147483647;
			files = (
				6A4C861C2571682700F2D867 /* HttpGetProtocol.swift in Sources */,
				6A4C86342571698F00F2D867 /* HttpError.swift in Sources */,
				6A4C86232571684A00F2D867 /* HttpService.swift in Sources */,
			);
			runOnlyForDeploymentPostprocessing = 0;
		};
		6A4C85BA257129CB00F2D867 /* Sources */ = {
			isa = PBXSourcesBuildPhase;
			buildActionMask = 2147483647;
			files = (
				6A4C85C5257129CC00F2D867 /* MainViewController.swift in Sources */,
				6AB48F5E25784FCF00836679 /* CharacterCollectionCell.swift in Sources */,
				6A4C85C1257129CB00F2D867 /* AppDelegate.swift in Sources */,
				6AB48F102577E75200836679 /* DetailViewController.swift in Sources */,
				6A4C85C3257129CC00F2D867 /* SceneDelegate.swift in Sources */,
				6A4C86AD2571FE1900F2D867 /* CharacterCell.swift in Sources */,
			);
			runOnlyForDeploymentPostprocessing = 0;
		};
/* End PBXSourcesBuildPhase section */

/* Begin PBXTargetDependency section */
		6A4C865C257170C000F2D867 /* PBXTargetDependency */ = {
			isa = PBXTargetDependency;
			target = 6A4C85AE257129AB00F2D867 /* Http */;
			targetProxy = 6A4C865B257170C000F2D867 /* PBXContainerItemProxy */;
		};
		6A4C8660257170C000F2D867 /* PBXTargetDependency */ = {
			isa = PBXTargetDependency;
			target = 6A4C85912571298000F2D867 /* Model */;
			targetProxy = 6A4C865F257170C000F2D867 /* PBXContainerItemProxy */;
		};
		6A4C8668257170D400F2D867 /* PBXTargetDependency */ = {
			isa = PBXTargetDependency;
			target = 6A4C85AE257129AB00F2D867 /* Http */;
			targetProxy = 6A4C8667257170D400F2D867 /* PBXContainerItemProxy */;
		};
		6A4C866C257170D400F2D867 /* PBXTargetDependency */ = {
			isa = PBXTargetDependency;
			target = 6A4C85912571298000F2D867 /* Model */;
			targetProxy = 6A4C866B257170D400F2D867 /* PBXContainerItemProxy */;
		};
		6A4C8670257170D400F2D867 /* PBXTargetDependency */ = {
			isa = PBXTargetDependency;
			target = 6A4C859F2571298E00F2D867 /* ViewModel */;
			targetProxy = 6A4C866F257170D400F2D867 /* PBXContainerItemProxy */;
		};
/* End PBXTargetDependency section */

/* Begin PBXVariantGroup section */
		6A4C85C6257129CC00F2D867 /* Main.storyboard */ = {
			isa = PBXVariantGroup;
			children = (
				6A4C85C7257129CC00F2D867 /* Base */,
			);
			name = Main.storyboard;
			sourceTree = "<group>";
		};
		6A4C85CB257129D400F2D867 /* LaunchScreen.storyboard */ = {
			isa = PBXVariantGroup;
			children = (
				6A4C85CC257129D400F2D867 /* Base */,
			);
			name = LaunchScreen.storyboard;
			sourceTree = "<group>";
		};
/* End PBXVariantGroup section */

/* Begin XCBuildConfiguration section */
		6A4C8586257126E700F2D867 /* Debug */ = {
			isa = XCBuildConfiguration;
			buildSettings = {
				ALWAYS_SEARCH_USER_PATHS = NO;
				CLANG_ANALYZER_NONNULL = YES;
				CLANG_ANALYZER_NUMBER_OBJECT_CONVERSION = YES_AGGRESSIVE;
				CLANG_CXX_LANGUAGE_STANDARD = "gnu++14";
				CLANG_CXX_LIBRARY = "libc++";
				CLANG_ENABLE_MODULES = YES;
				CLANG_ENABLE_OBJC_ARC = YES;
				CLANG_ENABLE_OBJC_WEAK = YES;
				CLANG_WARN_BLOCK_CAPTURE_AUTORELEASING = YES;
				CLANG_WARN_BOOL_CONVERSION = YES;
				CLANG_WARN_COMMA = YES;
				CLANG_WARN_CONSTANT_CONVERSION = YES;
				CLANG_WARN_DEPRECATED_OBJC_IMPLEMENTATIONS = YES;
				CLANG_WARN_DIRECT_OBJC_ISA_USAGE = YES_ERROR;
				CLANG_WARN_DOCUMENTATION_COMMENTS = YES;
				CLANG_WARN_EMPTY_BODY = YES;
				CLANG_WARN_ENUM_CONVERSION = YES;
				CLANG_WARN_INFINITE_RECURSION = YES;
				CLANG_WARN_INT_CONVERSION = YES;
				CLANG_WARN_NON_LITERAL_NULL_CONVERSION = YES;
				CLANG_WARN_OBJC_IMPLICIT_RETAIN_SELF = YES;
				CLANG_WARN_OBJC_LITERAL_CONVERSION = YES;
				CLANG_WARN_OBJC_ROOT_CLASS = YES_ERROR;
				CLANG_WARN_QUOTED_INCLUDE_IN_FRAMEWORK_HEADER = YES;
				CLANG_WARN_RANGE_LOOP_ANALYSIS = YES;
				CLANG_WARN_STRICT_PROTOTYPES = YES;
				CLANG_WARN_SUSPICIOUS_MOVE = YES;
				CLANG_WARN_UNGUARDED_AVAILABILITY = YES_AGGRESSIVE;
				CLANG_WARN_UNREACHABLE_CODE = YES;
				CLANG_WARN__DUPLICATE_METHOD_MATCH = YES;
				COPY_PHASE_STRIP = NO;
				CURRENT_PROJECT_VERSION = 1;
				DEBUG_INFORMATION_FORMAT = dwarf;
				ENABLE_STRICT_OBJC_MSGSEND = YES;
				ENABLE_TESTABILITY = YES;
				GCC_C_LANGUAGE_STANDARD = gnu11;
				GCC_DYNAMIC_NO_PIC = NO;
				GCC_NO_COMMON_BLOCKS = YES;
				GCC_OPTIMIZATION_LEVEL = 0;
				GCC_PREPROCESSOR_DEFINITIONS = (
					"DEBUG=1",
					"$(inherited)",
				);
				GCC_WARN_64_TO_32_BIT_CONVERSION = YES;
				GCC_WARN_ABOUT_RETURN_TYPE = YES_ERROR;
				GCC_WARN_UNDECLARED_SELECTOR = YES;
				GCC_WARN_UNINITIALIZED_AUTOS = YES_AGGRESSIVE;
				GCC_WARN_UNUSED_FUNCTION = YES;
				GCC_WARN_UNUSED_VARIABLE = YES;
				MACOSX_DEPLOYMENT_TARGET = 10.15;
				MTL_ENABLE_DEBUG_INFO = INCLUDE_SOURCE;
				MTL_FAST_MATH = YES;
				ONLY_ACTIVE_ARCH = YES;
				SDKROOT = macosx;
				SWIFT_ACTIVE_COMPILATION_CONDITIONS = DEBUG;
				SWIFT_OPTIMIZATION_LEVEL = "-Onone";
				VERSIONING_SYSTEM = "apple-generic";
				VERSION_INFO_PREFIX = "";
			};
			name = Debug;
		};
		6A4C8587257126E700F2D867 /* Release */ = {
			isa = XCBuildConfiguration;
			buildSettings = {
				ALWAYS_SEARCH_USER_PATHS = NO;
				CLANG_ANALYZER_NONNULL = YES;
				CLANG_ANALYZER_NUMBER_OBJECT_CONVERSION = YES_AGGRESSIVE;
				CLANG_CXX_LANGUAGE_STANDARD = "gnu++14";
				CLANG_CXX_LIBRARY = "libc++";
				CLANG_ENABLE_MODULES = YES;
				CLANG_ENABLE_OBJC_ARC = YES;
				CLANG_ENABLE_OBJC_WEAK = YES;
				CLANG_WARN_BLOCK_CAPTURE_AUTORELEASING = YES;
				CLANG_WARN_BOOL_CONVERSION = YES;
				CLANG_WARN_COMMA = YES;
				CLANG_WARN_CONSTANT_CONVERSION = YES;
				CLANG_WARN_DEPRECATED_OBJC_IMPLEMENTATIONS = YES;
				CLANG_WARN_DIRECT_OBJC_ISA_USAGE = YES_ERROR;
				CLANG_WARN_DOCUMENTATION_COMMENTS = YES;
				CLANG_WARN_EMPTY_BODY = YES;
				CLANG_WARN_ENUM_CONVERSION = YES;
				CLANG_WARN_INFINITE_RECURSION = YES;
				CLANG_WARN_INT_CONVERSION = YES;
				CLANG_WARN_NON_LITERAL_NULL_CONVERSION = YES;
				CLANG_WARN_OBJC_IMPLICIT_RETAIN_SELF = YES;
				CLANG_WARN_OBJC_LITERAL_CONVERSION = YES;
				CLANG_WARN_OBJC_ROOT_CLASS = YES_ERROR;
				CLANG_WARN_QUOTED_INCLUDE_IN_FRAMEWORK_HEADER = YES;
				CLANG_WARN_RANGE_LOOP_ANALYSIS = YES;
				CLANG_WARN_STRICT_PROTOTYPES = YES;
				CLANG_WARN_SUSPICIOUS_MOVE = YES;
				CLANG_WARN_UNGUARDED_AVAILABILITY = YES_AGGRESSIVE;
				CLANG_WARN_UNREACHABLE_CODE = YES;
				CLANG_WARN__DUPLICATE_METHOD_MATCH = YES;
				COPY_PHASE_STRIP = NO;
				CURRENT_PROJECT_VERSION = 1;
				DEBUG_INFORMATION_FORMAT = "dwarf-with-dsym";
				ENABLE_NS_ASSERTIONS = NO;
				ENABLE_STRICT_OBJC_MSGSEND = YES;
				GCC_C_LANGUAGE_STANDARD = gnu11;
				GCC_NO_COMMON_BLOCKS = YES;
				GCC_WARN_64_TO_32_BIT_CONVERSION = YES;
				GCC_WARN_ABOUT_RETURN_TYPE = YES_ERROR;
				GCC_WARN_UNDECLARED_SELECTOR = YES;
				GCC_WARN_UNINITIALIZED_AUTOS = YES_AGGRESSIVE;
				GCC_WARN_UNUSED_FUNCTION = YES;
				GCC_WARN_UNUSED_VARIABLE = YES;
				MACOSX_DEPLOYMENT_TARGET = 10.15;
				MTL_ENABLE_DEBUG_INFO = NO;
				MTL_FAST_MATH = YES;
				SDKROOT = macosx;
				SWIFT_COMPILATION_MODE = wholemodule;
				SWIFT_OPTIMIZATION_LEVEL = "-O";
				VERSIONING_SYSTEM = "apple-generic";
				VERSION_INFO_PREFIX = "";
			};
			name = Release;
		};
		6A4C85982571298000F2D867 /* Debug */ = {
			isa = XCBuildConfiguration;
			buildSettings = {
				CLANG_ENABLE_MODULES = YES;
				CODE_SIGN_STYLE = Automatic;
				COMBINE_HIDPI_IMAGES = YES;
				DEFINES_MODULE = YES;
				DEVELOPMENT_TEAM = 5KRGYLJC7Z;
				DYLIB_COMPATIBILITY_VERSION = 1;
				DYLIB_CURRENT_VERSION = 1;
				DYLIB_INSTALL_NAME_BASE = "@rpath";
				INFOPLIST_FILE = Model/Info.plist;
				INSTALL_PATH = "$(LOCAL_LIBRARY_DIR)/Frameworks";
				LD_RUNPATH_SEARCH_PATHS = (
					"$(inherited)",
					"@executable_path/../Frameworks",
					"@loader_path/Frameworks",
				);
				PRODUCT_BUNDLE_IDENTIFIER = com.lucas.app.Model;
				PRODUCT_NAME = "$(TARGET_NAME:c99extidentifier)";
				SDKROOT = iphoneos;
				SKIP_INSTALL = YES;
				SUPPORTED_PLATFORMS = "iphonesimulator iphoneos";
				SWIFT_OPTIMIZATION_LEVEL = "-Onone";
				SWIFT_VERSION = 5.0;
			};
			name = Debug;
		};
		6A4C85992571298000F2D867 /* Release */ = {
			isa = XCBuildConfiguration;
			buildSettings = {
				CLANG_ENABLE_MODULES = YES;
				CODE_SIGN_STYLE = Automatic;
				COMBINE_HIDPI_IMAGES = YES;
				DEFINES_MODULE = YES;
				DEVELOPMENT_TEAM = 5KRGYLJC7Z;
				DYLIB_COMPATIBILITY_VERSION = 1;
				DYLIB_CURRENT_VERSION = 1;
				DYLIB_INSTALL_NAME_BASE = "@rpath";
				INFOPLIST_FILE = Model/Info.plist;
				INSTALL_PATH = "$(LOCAL_LIBRARY_DIR)/Frameworks";
				LD_RUNPATH_SEARCH_PATHS = (
					"$(inherited)",
					"@executable_path/../Frameworks",
					"@loader_path/Frameworks",
				);
				PRODUCT_BUNDLE_IDENTIFIER = com.lucas.app.Model;
				PRODUCT_NAME = "$(TARGET_NAME:c99extidentifier)";
				SDKROOT = iphoneos;
				SKIP_INSTALL = YES;
				SUPPORTED_PLATFORMS = "iphonesimulator iphoneos";
				SWIFT_VERSION = 5.0;
			};
			name = Release;
		};
		6A4C85A62571298E00F2D867 /* Debug */ = {
			isa = XCBuildConfiguration;
			buildSettings = {
				CLANG_ENABLE_MODULES = YES;
				CODE_SIGN_STYLE = Automatic;
				COMBINE_HIDPI_IMAGES = YES;
				DEFINES_MODULE = YES;
				DEVELOPMENT_TEAM = 5KRGYLJC7Z;
				DYLIB_COMPATIBILITY_VERSION = 1;
				DYLIB_CURRENT_VERSION = 1;
				DYLIB_INSTALL_NAME_BASE = "@rpath";
				INFOPLIST_FILE = ViewModel/Info.plist;
				INSTALL_PATH = "$(LOCAL_LIBRARY_DIR)/Frameworks";
				LD_RUNPATH_SEARCH_PATHS = (
					"$(inherited)",
					"@executable_path/../Frameworks",
					"@loader_path/Frameworks",
				);
				PRODUCT_BUNDLE_IDENTIFIER = com.lucas.app.ViewModel;
				PRODUCT_NAME = "$(TARGET_NAME:c99extidentifier)";
				SDKROOT = iphoneos;
				SKIP_INSTALL = YES;
				SUPPORTED_PLATFORMS = "iphonesimulator iphoneos";
				SWIFT_OPTIMIZATION_LEVEL = "-Onone";
				SWIFT_VERSION = 5.0;
			};
			name = Debug;
		};
		6A4C85A72571298E00F2D867 /* Release */ = {
			isa = XCBuildConfiguration;
			buildSettings = {
				CLANG_ENABLE_MODULES = YES;
				CODE_SIGN_STYLE = Automatic;
				COMBINE_HIDPI_IMAGES = YES;
				DEFINES_MODULE = YES;
				DEVELOPMENT_TEAM = 5KRGYLJC7Z;
				DYLIB_COMPATIBILITY_VERSION = 1;
				DYLIB_CURRENT_VERSION = 1;
				DYLIB_INSTALL_NAME_BASE = "@rpath";
				INFOPLIST_FILE = ViewModel/Info.plist;
				INSTALL_PATH = "$(LOCAL_LIBRARY_DIR)/Frameworks";
				LD_RUNPATH_SEARCH_PATHS = (
					"$(inherited)",
					"@executable_path/../Frameworks",
					"@loader_path/Frameworks",
				);
				PRODUCT_BUNDLE_IDENTIFIER = com.lucas.app.ViewModel;
				PRODUCT_NAME = "$(TARGET_NAME:c99extidentifier)";
				SDKROOT = iphoneos;
				SKIP_INSTALL = YES;
				SUPPORTED_PLATFORMS = "iphonesimulator iphoneos";
				SWIFT_VERSION = 5.0;
			};
			name = Release;
		};
		6A4C85B5257129AB00F2D867 /* Debug */ = {
			isa = XCBuildConfiguration;
			buildSettings = {
				CLANG_ENABLE_MODULES = YES;
				CODE_SIGN_STYLE = Automatic;
				COMBINE_HIDPI_IMAGES = YES;
				DEFINES_MODULE = YES;
				DEVELOPMENT_TEAM = 5KRGYLJC7Z;
				DYLIB_COMPATIBILITY_VERSION = 1;
				DYLIB_CURRENT_VERSION = 1;
				DYLIB_INSTALL_NAME_BASE = "@rpath";
				INFOPLIST_FILE = Http/Info.plist;
				INSTALL_PATH = "$(LOCAL_LIBRARY_DIR)/Frameworks";
				LD_RUNPATH_SEARCH_PATHS = (
					"$(inherited)",
					"@executable_path/../Frameworks",
					"@loader_path/Frameworks",
				);
				PRODUCT_BUNDLE_IDENTIFIER = com.lucas.app.Http;
				PRODUCT_NAME = "$(TARGET_NAME:c99extidentifier)";
				SDKROOT = iphoneos;
				SKIP_INSTALL = YES;
				SWIFT_OPTIMIZATION_LEVEL = "-Onone";
				SWIFT_VERSION = 5.0;
			};
			name = Debug;
		};
		6A4C85B6257129AB00F2D867 /* Release */ = {
			isa = XCBuildConfiguration;
			buildSettings = {
				CLANG_ENABLE_MODULES = YES;
				CODE_SIGN_STYLE = Automatic;
				COMBINE_HIDPI_IMAGES = YES;
				DEFINES_MODULE = YES;
				DEVELOPMENT_TEAM = 5KRGYLJC7Z;
				DYLIB_COMPATIBILITY_VERSION = 1;
				DYLIB_CURRENT_VERSION = 1;
				DYLIB_INSTALL_NAME_BASE = "@rpath";
				INFOPLIST_FILE = Http/Info.plist;
				INSTALL_PATH = "$(LOCAL_LIBRARY_DIR)/Frameworks";
				LD_RUNPATH_SEARCH_PATHS = (
					"$(inherited)",
					"@executable_path/../Frameworks",
					"@loader_path/Frameworks",
				);
				PRODUCT_BUNDLE_IDENTIFIER = com.lucas.app.Http;
				PRODUCT_NAME = "$(TARGET_NAME:c99extidentifier)";
				SDKROOT = iphoneos;
				SKIP_INSTALL = YES;
				SWIFT_VERSION = 5.0;
			};
			name = Release;
		};
		6A4C85D0257129D400F2D867 /* Debug */ = {
			isa = XCBuildConfiguration;
			buildSettings = {
				ASSETCATALOG_COMPILER_APPICON_NAME = AppIcon;
				ASSETCATALOG_COMPILER_GLOBAL_ACCENT_COLOR_NAME = AccentColor;
				CODE_SIGN_STYLE = Automatic;
				DEVELOPMENT_TEAM = 5KRGYLJC7Z;
				INFOPLIST_FILE = View/Info.plist;
				IPHONEOS_DEPLOYMENT_TARGET = 14.2;
				LD_RUNPATH_SEARCH_PATHS = (
					"$(inherited)",
					"@executable_path/Frameworks",
				);
				PRODUCT_BUNDLE_IDENTIFIER = com.lucas.app.View;
				PRODUCT_NAME = "$(TARGET_NAME)";
				SDKROOT = iphoneos;
				SWIFT_VERSION = 5.0;
				TARGETED_DEVICE_FAMILY = "1,2";
			};
			name = Debug;
		};
		6A4C85D1257129D400F2D867 /* Release */ = {
			isa = XCBuildConfiguration;
			buildSettings = {
				ASSETCATALOG_COMPILER_APPICON_NAME = AppIcon;
				ASSETCATALOG_COMPILER_GLOBAL_ACCENT_COLOR_NAME = AccentColor;
				CODE_SIGN_STYLE = Automatic;
				DEVELOPMENT_TEAM = 5KRGYLJC7Z;
				INFOPLIST_FILE = View/Info.plist;
				IPHONEOS_DEPLOYMENT_TARGET = 14.2;
				LD_RUNPATH_SEARCH_PATHS = (
					"$(inherited)",
					"@executable_path/Frameworks",
				);
				PRODUCT_BUNDLE_IDENTIFIER = com.lucas.app.View;
				PRODUCT_NAME = "$(TARGET_NAME)";
				SDKROOT = iphoneos;
				SWIFT_VERSION = 5.0;
				TARGETED_DEVICE_FAMILY = "1,2";
				VALIDATE_PRODUCT = YES;
			};
			name = Release;
		};
/* End XCBuildConfiguration section */

/* Begin XCConfigurationList section */
		6A4C857A257126E600F2D867 /* Build configuration list for PBXProject "MarvelHeroes" */ = {
			isa = XCConfigurationList;
			buildConfigurations = (
				6A4C8586257126E700F2D867 /* Debug */,
				6A4C8587257126E700F2D867 /* Release */,
			);
			defaultConfigurationIsVisible = 0;
			defaultConfigurationName = Release;
		};
		6A4C85972571298000F2D867 /* Build configuration list for PBXNativeTarget "Model" */ = {
			isa = XCConfigurationList;
			buildConfigurations = (
				6A4C85982571298000F2D867 /* Debug */,
				6A4C85992571298000F2D867 /* Release */,
			);
			defaultConfigurationIsVisible = 0;
			defaultConfigurationName = Release;
		};
		6A4C85A52571298E00F2D867 /* Build configuration list for PBXNativeTarget "ViewModel" */ = {
			isa = XCConfigurationList;
			buildConfigurations = (
				6A4C85A62571298E00F2D867 /* Debug */,
				6A4C85A72571298E00F2D867 /* Release */,
			);
			defaultConfigurationIsVisible = 0;
			defaultConfigurationName = Release;
		};
		6A4C85B4257129AB00F2D867 /* Build configuration list for PBXNativeTarget "Http" */ = {
			isa = XCConfigurationList;
			buildConfigurations = (
				6A4C85B5257129AB00F2D867 /* Debug */,
				6A4C85B6257129AB00F2D867 /* Release */,
			);
			defaultConfigurationIsVisible = 0;
			defaultConfigurationName = Release;
		};
		6A4C85CF257129D400F2D867 /* Build configuration list for PBXNativeTarget "View" */ = {
			isa = XCConfigurationList;
			buildConfigurations = (
				6A4C85D0257129D400F2D867 /* Debug */,
				6A4C85D1257129D400F2D867 /* Release */,
			);
			defaultConfigurationIsVisible = 0;
			defaultConfigurationName = Release;
		};
/* End XCConfigurationList section */

/* Begin XCRemoteSwiftPackageReference section */
		6A4C8628257168F200F2D867 /* XCRemoteSwiftPackageReference "Alamofire" */ = {
			isa = XCRemoteSwiftPackageReference;
			repositoryURL = "https://github.com/Alamofire/Alamofire";
			requirement = {
				kind = upToNextMajorVersion;
				minimumVersion = 5.4.0;
			};
		};
		6A4C864125716ACD00F2D867 /* XCRemoteSwiftPackageReference "RxSwift" */ = {
			isa = XCRemoteSwiftPackageReference;
			repositoryURL = "https://github.com/ReactiveX/RxSwift";
			requirement = {
				kind = upToNextMajorVersion;
				minimumVersion = 5.1.1;
			};
		};
		6A4C86A42571A54D00F2D867 /* XCRemoteSwiftPackageReference "Kingfisher" */ = {
			isa = XCRemoteSwiftPackageReference;
			repositoryURL = "https://github.com/onevcat/Kingfisher";
			requirement = {
				kind = upToNextMajorVersion;
				minimumVersion = 5.15.8;
			};
		};
/* End XCRemoteSwiftPackageReference section */

/* Begin XCSwiftPackageProductDependency section */
		6A4C8629257168F200F2D867 /* Alamofire */ = {
			isa = XCSwiftPackageProductDependency;
			package = 6A4C8628257168F200F2D867 /* XCRemoteSwiftPackageReference "Alamofire" */;
			productName = Alamofire;
		};
		6A4C864225716ACD00F2D867 /* RxSwift */ = {
			isa = XCSwiftPackageProductDependency;
			package = 6A4C864125716ACD00F2D867 /* XCRemoteSwiftPackageReference "RxSwift" */;
			productName = RxSwift;
		};
		6A4C864425716ACD00F2D867 /* RxCocoa */ = {
			isa = XCSwiftPackageProductDependency;
			package = 6A4C864125716ACD00F2D867 /* XCRemoteSwiftPackageReference "RxSwift" */;
			productName = RxCocoa;
		};
		6A4C86A52571A54D00F2D867 /* Kingfisher */ = {
			isa = XCSwiftPackageProductDependency;
			package = 6A4C86A42571A54D00F2D867 /* XCRemoteSwiftPackageReference "Kingfisher" */;
			productName = Kingfisher;
		};
/* End XCSwiftPackageProductDependency section */
	};
	rootObject = 6A4C8577257126E600F2D867 /* Project object */;
}
